
Microsoft Visual Studio Solution File, Format Version 12.00
# Visual Studio Version 17
VisualStudioVersion = 17.0.31912.275
MinimumVisualStudioVersion = 10.0.40219.1
Project("{8BC9CEB8-8B4A-11D0-8D11-00A0C91BC942}") = "String", "String.vcxproj", "{DF6FF142-CEC9-47CF-9A9B-4B599DB52606}"
EndProject
Global
	GlobalSection(SolutionConfigurationPlatforms) = preSolution
		Debug|x64 = Debug|x64
		Debug|x86 = Debug|x86
		Release|x64 = Release|x64
		Release|x86 = Release|x86
	EndGlobalSection
	GlobalSection(ProjectConfigurationPlatforms) = postSolution
		{DF6FF142-CEC9-47CF-9A9B-4B599DB52606}.Debug|x64.ActiveCfg = Debug|x64
		{DF6FF142-CEC9-47CF-9A9B-4B599DB52606}.Debug|x64.Build.0 = Debug|x64
		{DF6FF142-CEC9-47CF-9A9B-4B599DB52606}.Debug|x86.ActiveCfg = Debug|Win32
		{DF6FF142-CEC9-47CF-9A9B-4B599DB52606}.Debug|x86.Build.0 = Debug|Win32
		{DF6FF142-CEC9-47CF-9A9B-4B599DB52606}.Release|x64.ActiveCfg = Release|x64
		{DF6FF142-CEC9-47CF-9A9B-4B599DB52606}.Release|x64.Build.0 = Release|x64
		{DF6FF142-CEC9-47CF-9A9B-4B599DB52606}.Release|x86.ActiveCfg = Release|Win32
		{DF6FF142-CEC9-47CF-9A9B-4B599DB52606}.Release|x86.Build.0 = Release|Win32
	EndGlobalSection
	GlobalSection(SolutionProperties) = preSolution
		HideSolutionNode = FALSE
	EndGlobalSection
	GlobalSection(ExtensibilityGlobals) = postSolution
		SolutionGuid = {60C37C15-29FE-48FB-BCD5-B50299705115}
	EndGlobalSection
EndGlobal
